
Microsoft Visual Studio Solution File, Format Version 12.00
# Visual Studio Version 16
VisualStudioVersion = 16.0.31205.134
MinimumVisualStudioVersion = 10.0.40219.1
Project("{FAE04EC0-301F-11D3-BF4B-00C04F79EFBC}") = "WaiteringSystems", "WaiteringSystems\WaiteringSystems.csproj", "{1387CA89-2F81-4960-A6F7-A607C1A48D27}"
EndProject
Global
	GlobalSection(SolutionConfigurationPlatforms) = preSolution
		Debug|Any CPU = Debug|Any CPU
		Release|Any CPU = Release|Any CPU
	EndGlobalSection
	GlobalSection(ProjectConfigurationPlatforms) = postSolution
		{1387CA89-2F81-4960-A6F7-A607C1A48D27}.Debug|Any CPU.ActiveCfg = Debug|Any CPU
		{1387CA89-2F81-4960-A6F7-A607C1A48D27}.Debug|Any CPU.Build.0 = Debug|Any CPU
		{1387CA89-2F81-4960-A6F7-A607C1A48D27}.Release|Any CPU.ActiveCfg = Release|Any CPU
		{1387CA89-2F81-4960-A6F7-A607C1A48D27}.Release|Any CPU.Build.0 = Release|Any CPU
	EndGlobalSection
	GlobalSection(SolutionProperties) = preSolution
		HideSolutionNode = FALSE
	EndGlobalSection
	GlobalSection(ExtensibilityGlobals) = postSolution
		SolutionGuid = {3EBF7744-C73B-47DD-9E00-86678CBB6AFB}
	EndGlobalSection
EndGlobal
